
Microsoft Visual Studio Solution File, Format Version 12.00
# Visual Studio Version 16
VisualStudioVersion = 16.0.31515.178
MinimumVisualStudioVersion = 10.0.40219.1
Project("{9A19103F-16F7-4668-BE54-9A1E7A4F7556}") = "ChatApp.SignalR.Server", "ChatApp.SignalR.Server\ChatApp.SignalR.Server.csproj", "{2F997937-AFFA-439F-B4C1-8BB33923A8B9}"
EndProject
Project("{9A19103F-16F7-4668-BE54-9A1E7A4F7556}") = "ChatApp.WPF.Client", "ChatApp.WPF.Client\ChatApp.WPF.Client.csproj", "{BEA79C20-5FDC-4530-BD6E-78D442F19C8E}"
EndProject
Project("{9A19103F-16F7-4668-BE54-9A1E7A4F7556}") = "ChatApp.Core", "ChatApp.Core\ChatApp.Core.csproj", "{A7C86725-D67D-4AC4-9FA8-E3ADDC24CF63}"
EndProject
Global
	GlobalSection(SolutionConfigurationPlatforms) = preSolution
		Debug|Any CPU = Debug|Any CPU
		Release|Any CPU = Release|Any CPU
	EndGlobalSection
	GlobalSection(ProjectConfigurationPlatforms) = postSolution
		{2F997937-AFFA-439F-B4C1-8BB33923A8B9}.Debug|Any CPU.ActiveCfg = Debug|Any CPU
		{2F997937-AFFA-439F-B4C1-8BB33923A8B9}.Debug|Any CPU.Build.0 = Debug|Any CPU
		{2F997937-AFFA-439F-B4C1-8BB33923A8B9}.Release|Any CPU.ActiveCfg = Release|Any CPU
		{2F997937-AFFA-439F-B4C1-8BB33923A8B9}.Release|Any CPU.Build.0 = Release|Any CPU
		{BEA79C20-5FDC-4530-BD6E-78D442F19C8E}.Debug|Any CPU.ActiveCfg = Debug|Any CPU
		{BEA79C20-5FDC-4530-BD6E-78D442F19C8E}.Debug|Any CPU.Build.0 = Debug|Any CPU
		{BEA79C20-5FDC-4530-BD6E-78D442F19C8E}.Release|Any CPU.ActiveCfg = Release|Any CPU
		{BEA79C20-5FDC-4530-BD6E-78D442F19C8E}.Release|Any CPU.Build.0 = Release|Any CPU
		{A7C86725-D67D-4AC4-9FA8-E3ADDC24CF63}.Debug|Any CPU.ActiveCfg = Debug|Any CPU
		{A7C86725-D67D-4AC4-9FA8-E3ADDC24CF63}.Debug|Any CPU.Build.0 = Debug|Any CPU
		{A7C86725-D67D-4AC4-9FA8-E3ADDC24CF63}.Release|Any CPU.ActiveCfg = Release|Any CPU
		{A7C86725-D67D-4AC4-9FA8-E3ADDC24CF63}.Release|Any CPU.Build.0 = Release|Any CPU
	EndGlobalSection
	GlobalSection(SolutionProperties) = preSolution
		HideSolutionNode = FALSE
	EndGlobalSection
	GlobalSection(ExtensibilityGlobals) = postSolution
		SolutionGuid = {52926531-2ABA-4815-9A97-A3CF49CB8425}
	EndGlobalSection
EndGlobal
